
Microsoft Visual Studio Solution File, Format Version 12.00
# Visual Studio Version 16
VisualStudioVersion = 16.0.30309.148
MinimumVisualStudioVersion = 10.0.40219.1
Project("{79D08BC9-BEA0-4148-9FAA-5AE27C412969}") = "Azure.ResourceManager.ComputeSchedule", "src\Azure.ResourceManager.ComputeSchedule.csproj", "{873E715E-2EB4-4B54-9608-616650064330}"
EndProject
Project("{79D08BC9-BEA0-4148-9FAA-5AE27C412969}") = "Azure.ResourceManager.ComputeSchedule.Tests", "tests\Azure.ResourceManager.ComputeSchedule.Tests.csproj", "{567D31D7-E56C-4018-A1BD-4DAFE882AE0F}"
EndProject
Project("{79D08BC9-BEA0-4148-9FAA-5AE27C412969}") = "Azure.ResourceManager.ComputeSchedule.Samples", "samples\Azure.ResourceManager.ComputeSchedule.Samples.csproj", "{8B7BDC5B-6B8B-4C43-A7FA-D004BFA0E926}"
EndProject
Global
	GlobalSection(SolutionProperties) = preSolution
		HideSolutionNode = FALSE
	EndGlobalSection
	GlobalSection(ExtensibilityGlobals) = postSolution
		SolutionGuid = {DDC6A1EF-20DD-47FE-84A1-50474A40A552}
	EndGlobalSection
	GlobalSection(SolutionConfigurationPlatforms) = preSolution
		Debug|Any CPU = Debug|Any CPU
		Debug|x64 = Debug|x64
		Debug|x86 = Debug|x86
		Release|Any CPU = Release|Any CPU
		Release|x64 = Release|x64
		Release|x86 = Release|x86
	EndGlobalSection
	GlobalSection(ProjectConfigurationPlatforms) = postSolution
		{873E715E-2EB4-4B54-9608-616650064330}.Debug|Any CPU.ActiveCfg = Debug|Any CPU
		{873E715E-2EB4-4B54-9608-616650064330}.Debug|Any CPU.Build.0 = Debug|Any CPU
		{873E715E-2EB4-4B54-9608-616650064330}.Debug|x64.ActiveCfg = Debug|Any CPU
		{873E715E-2EB4-4B54-9608-616650064330}.Debug|x64.Build.0 = Debug|Any CPU
		{873E715E-2EB4-4B54-9608-616650064330}.Debug|x86.ActiveCfg = Debug|Any CPU
		{873E715E-2EB4-4B54-9608-616650064330}.Debug|x86.Build.0 = Debug|Any CPU
		{873E715E-2EB4-4B54-9608-616650064330}.Release|Any CPU.ActiveCfg = Release|Any CPU
		{873E715E-2EB4-4B54-9608-616650064330}.Release|Any CPU.Build.0 = Release|Any CPU
		{873E715E-2EB4-4B54-9608-616650064330}.Release|x64.ActiveCfg = Release|Any CPU
		{873E715E-2EB4-4B54-9608-616650064330}.Release|x64.Build.0 = Release|Any CPU
		{873E715E-2EB4-4B54-9608-616650064330}.Release|x86.ActiveCfg = Release|Any CPU
		{873E715E-2EB4-4B54-9608-616650064330}.Release|x86.Build.0 = Release|Any CPU
		{567D31D7-E56C-4018-A1BD-4DAFE882AE0F}.Debug|Any CPU.ActiveCfg = Debug|Any CPU
		{567D31D7-E56C-4018-A1BD-4DAFE882AE0F}.Debug|Any CPU.Build.0 = Debug|Any CPU
		{567D31D7-E56C-4018-A1BD-4DAFE882AE0F}.Debug|x64.ActiveCfg = Debug|Any CPU
		{567D31D7-E56C-4018-A1BD-4DAFE882AE0F}.Debug|x64.Build.0 = Debug|Any CPU
		{567D31D7-E56C-4018-A1BD-4DAFE882AE0F}.Debug|x86.ActiveCfg = Debug|Any CPU
		{567D31D7-E56C-4018-A1BD-4DAFE882AE0F}.Debug|x86.Build.0 = Debug|Any CPU
		{567D31D7-E56C-4018-A1BD-4DAFE882AE0F}.Release|Any CPU.ActiveCfg = Release|Any CPU
		{567D31D7-E56C-4018-A1BD-4DAFE882AE0F}.Release|Any CPU.Build.0 = Release|Any CPU
		{567D31D7-E56C-4018-A1BD-4DAFE882AE0F}.Release|x64.ActiveCfg = Release|Any CPU
		{567D31D7-E56C-4018-A1BD-4DAFE882AE0F}.Release|x64.Build.0 = Release|Any CPU
		{567D31D7-E56C-4018-A1BD-4DAFE882AE0F}.Release|x86.ActiveCfg = Release|Any CPU
		{567D31D7-E56C-4018-A1BD-4DAFE882AE0F}.Release|x86.Build.0 = Release|Any CPU
		{8B7BDC5B-6B8B-4C43-A7FA-D004BFA0E926}.Debug|Any CPU.ActiveCfg = Debug|Any CPU
		{8B7BDC5B-6B8B-4C43-A7FA-D004BFA0E926}.Debug|Any CPU.Build.0 = Debug|Any CPU
		{8B7BDC5B-6B8B-4C43-A7FA-D004BFA0E926}.Debug|x64.ActiveCfg = Debug|Any CPU
		{8B7BDC5B-6B8B-4C43-A7FA-D004BFA0E926}.Debug|x64.Build.0 = Debug|Any CPU
		{8B7BDC5B-6B8B-4C43-A7FA-D004BFA0E926}.Debug|x86.ActiveCfg = Debug|Any CPU
		{8B7BDC5B-6B8B-4C43-A7FA-D004BFA0E926}.Debug|x86.Build.0 = Debug|Any CPU
		{8B7BDC5B-6B8B-4C43-A7FA-D004BFA0E926}.Release|Any CPU.ActiveCfg = Release|Any CPU
		{8B7BDC5B-6B8B-4C43-A7FA-D004BFA0E926}.Release|Any CPU.Build.0 = Release|Any CPU
		{8B7BDC5B-6B8B-4C43-A7FA-D004BFA0E926}.Release|x64.ActiveCfg = Release|Any CPU
		{8B7BDC5B-6B8B-4C43-A7FA-D004BFA0E926}.Release|x64.Build.0 = Release|Any CPU
		{8B7BDC5B-6B8B-4C43-A7FA-D004BFA0E926}.Release|x86.ActiveCfg = Release|Any CPU
		{8B7BDC5B-6B8B-4C43-A7FA-D004BFA0E926}.Release|x86.Build.0 = Release|Any CPU
	EndGlobalSection
EndGlobal
