
Microsoft Visual Studio Solution File, Format Version 12.00
# Visual Studio Version 16
VisualStudioVersion = 16.0.30309.148
MinimumVisualStudioVersion = 10.0.40219.1
Project("{160FAC97-72DC-4DE5-A139-709DB8A03B50}") = "Azure.ResourceManager.ComputeSchedule", "src\Azure.ResourceManager.ComputeSchedule.csproj", "{576D6E47-256D-4C9E-AF91-F73338F5D3FF}"
EndProject
Project("{160FAC97-72DC-4DE5-A139-709DB8A03B50}") = "Azure.ResourceManager.ComputeSchedule.Tests", "tests\Azure.ResourceManager.ComputeSchedule.Tests.csproj", "{BE327C06-F939-472C-8049-2FDB1E0F90C6}"
EndProject
Project("{160FAC97-72DC-4DE5-A139-709DB8A03B50}") = "Azure.ResourceManager.ComputeSchedule.Samples", "samples\Azure.ResourceManager.ComputeSchedule.Samples.csproj", "{D86D52E1-FA31-42EB-A9A1-548F56851BD5}"
EndProject
Global
	GlobalSection(SolutionProperties) = preSolution
		HideSolutionNode = FALSE
	EndGlobalSection
	GlobalSection(ExtensibilityGlobals) = postSolution
		SolutionGuid = {89E056A7-0B2D-40FA-ABE9-AC8841315DA8}
	EndGlobalSection
	GlobalSection(SolutionConfigurationPlatforms) = preSolution
		Debug|Any CPU = Debug|Any CPU
		Debug|x64 = Debug|x64
		Debug|x86 = Debug|x86
		Release|Any CPU = Release|Any CPU
		Release|x64 = Release|x64
		Release|x86 = Release|x86
	EndGlobalSection
	GlobalSection(ProjectConfigurationPlatforms) = postSolution
		{576D6E47-256D-4C9E-AF91-F73338F5D3FF}.Debug|Any CPU.ActiveCfg = Debug|Any CPU
		{576D6E47-256D-4C9E-AF91-F73338F5D3FF}.Debug|Any CPU.Build.0 = Debug|Any CPU
		{576D6E47-256D-4C9E-AF91-F73338F5D3FF}.Debug|x64.ActiveCfg = Debug|Any CPU
		{576D6E47-256D-4C9E-AF91-F73338F5D3FF}.Debug|x64.Build.0 = Debug|Any CPU
		{576D6E47-256D-4C9E-AF91-F73338F5D3FF}.Debug|x86.ActiveCfg = Debug|Any CPU
		{576D6E47-256D-4C9E-AF91-F73338F5D3FF}.Debug|x86.Build.0 = Debug|Any CPU
		{576D6E47-256D-4C9E-AF91-F73338F5D3FF}.Release|Any CPU.ActiveCfg = Release|Any CPU
		{576D6E47-256D-4C9E-AF91-F73338F5D3FF}.Release|Any CPU.Build.0 = Release|Any CPU
		{576D6E47-256D-4C9E-AF91-F73338F5D3FF}.Release|x64.ActiveCfg = Release|Any CPU
		{576D6E47-256D-4C9E-AF91-F73338F5D3FF}.Release|x64.Build.0 = Release|Any CPU
		{576D6E47-256D-4C9E-AF91-F73338F5D3FF}.Release|x86.ActiveCfg = Release|Any CPU
		{576D6E47-256D-4C9E-AF91-F73338F5D3FF}.Release|x86.Build.0 = Release|Any CPU
		{BE327C06-F939-472C-8049-2FDB1E0F90C6}.Debug|Any CPU.ActiveCfg = Debug|Any CPU
		{BE327C06-F939-472C-8049-2FDB1E0F90C6}.Debug|Any CPU.Build.0 = Debug|Any CPU
		{BE327C06-F939-472C-8049-2FDB1E0F90C6}.Debug|x64.ActiveCfg = Debug|Any CPU
		{BE327C06-F939-472C-8049-2FDB1E0F90C6}.Debug|x64.Build.0 = Debug|Any CPU
		{BE327C06-F939-472C-8049-2FDB1E0F90C6}.Debug|x86.ActiveCfg = Debug|Any CPU
		{BE327C06-F939-472C-8049-2FDB1E0F90C6}.Debug|x86.Build.0 = Debug|Any CPU
		{BE327C06-F939-472C-8049-2FDB1E0F90C6}.Release|Any CPU.ActiveCfg = Release|Any CPU
		{BE327C06-F939-472C-8049-2FDB1E0F90C6}.Release|Any CPU.Build.0 = Release|Any CPU
		{BE327C06-F939-472C-8049-2FDB1E0F90C6}.Release|x64.ActiveCfg = Release|Any CPU
		{BE327C06-F939-472C-8049-2FDB1E0F90C6}.Release|x64.Build.0 = Release|Any CPU
		{BE327C06-F939-472C-8049-2FDB1E0F90C6}.Release|x86.ActiveCfg = Release|Any CPU
		{BE327C06-F939-472C-8049-2FDB1E0F90C6}.Release|x86.Build.0 = Release|Any CPU
		{D86D52E1-FA31-42EB-A9A1-548F56851BD5}.Debug|Any CPU.ActiveCfg = Debug|Any CPU
		{D86D52E1-FA31-42EB-A9A1-548F56851BD5}.Debug|Any CPU.Build.0 = Debug|Any CPU
		{D86D52E1-FA31-42EB-A9A1-548F56851BD5}.Debug|x64.ActiveCfg = Debug|Any CPU
		{D86D52E1-FA31-42EB-A9A1-548F56851BD5}.Debug|x64.Build.0 = Debug|Any CPU
		{D86D52E1-FA31-42EB-A9A1-548F56851BD5}.Debug|x86.ActiveCfg = Debug|Any CPU
		{D86D52E1-FA31-42EB-A9A1-548F56851BD5}.Debug|x86.Build.0 = Debug|Any CPU
		{D86D52E1-FA31-42EB-A9A1-548F56851BD5}.Release|Any CPU.ActiveCfg = Release|Any CPU
		{D86D52E1-FA31-42EB-A9A1-548F56851BD5}.Release|Any CPU.Build.0 = Release|Any CPU
		{D86D52E1-FA31-42EB-A9A1-548F56851BD5}.Release|x64.ActiveCfg = Release|Any CPU
		{D86D52E1-FA31-42EB-A9A1-548F56851BD5}.Release|x64.Build.0 = Release|Any CPU
		{D86D52E1-FA31-42EB-A9A1-548F56851BD5}.Release|x86.ActiveCfg = Release|Any CPU
		{D86D52E1-FA31-42EB-A9A1-548F56851BD5}.Release|x86.Build.0 = Release|Any CPU
	EndGlobalSection
EndGlobal
